{
  "name": "@jlongyam/studio",
  "version": "1.0.0",
  "lockfileVersion": 3,
  "requires": true,
  "packages": {
    "": {
      "name": "@jlongyam/studio",
      "version": "1.0.0",
      "license": "MIT",
      "workspaces": [
        "./packages/*"
      ],
      "bin": {
        "jl-studio": "bin/cli.js"
      }
    },
    "node_modules/@local/fs": {
      "resolved": "packages/fs",
      "link": true
    },
    "node_modules/@local/legacy": {
      "resolved": "packages/legacy",
      "link": true
    },
    "node_modules/@local/sdk": {
      "resolved": "packages/sdk",
      "link": true
    },
    "packages/fs": {
      "name": "@local/fs"
    },
    "packages/legacy": {
      "name": "@local/legacy"
    },
    "packages/sdk": {
      "name": "@local/sdk",
      "dependencies": {
        "@local/fs": "file:../fs"
      }
    }
  }
}
